
Microsoft Visual Studio Solution File, Format Version 12.00
# Visual Studio 15
VisualStudioVersion = 15.0.27004.2008
MinimumVisualStudioVersion = 10.0.40219.1
Project("{FAE04EC0-301F-11D3-BF4B-00C04F79EFBC}") = "Blog", "Blog\Blog.csproj", "{E89A0FDD-FB6B-4F40-A9D0-EDFC72F79AFF}"
EndProject
Global
	GlobalSection(SolutionConfigurationPlatforms) = preSolution
		Debug|Any CPU = Debug|Any CPU
		Release|Any CPU = Release|Any CPU
	EndGlobalSection
	GlobalSection(ProjectConfigurationPlatforms) = postSolution
		{E89A0FDD-FB6B-4F40-A9D0-EDFC72F79AFF}.Debug|Any CPU.ActiveCfg = Debug|Any CPU
		{E89A0FDD-FB6B-4F40-A9D0-EDFC72F79AFF}.Debug|Any CPU.Build.0 = Debug|Any CPU
		{E89A0FDD-FB6B-4F40-A9D0-EDFC72F79AFF}.Release|Any CPU.ActiveCfg = Release|Any CPU
		{E89A0FDD-FB6B-4F40-A9D0-EDFC72F79AFF}.Release|Any CPU.Build.0 = Release|Any CPU
	EndGlobalSection
	GlobalSection(SolutionProperties) = preSolution
		HideSolutionNode = FALSE
	EndGlobalSection
	GlobalSection(ExtensibilityGlobals) = postSolution
		SolutionGuid = {B0A5EDD5-DB7F-484D-B5F2-4A17122EA9F8}
	EndGlobalSection
EndGlobal
